
Microsoft Visual Studio Solution File, Format Version 12.00
# Visual Studio Version 17
VisualStudioVersion = 17.0.31903.59
MinimumVisualStudioVersion = 10.0.40219.1
Project("{FAE04EC0-301F-11D3-BF4B-00C04F79EFBC}") = "AndmebaasiToo", "AndmebaasiToo\AndmebaasiToo.csproj", "{418381FF-B2C8-4EE2-BAA3-060B6FF71C26}"
EndProject
Project("{FAE04EC0-301F-11D3-BF4B-00C04F79EFBC}") = "AndmebaasiToo.Core", "AndmebaasiToo.Core\AndmebaasiToo.Core.csproj", "{87307A34-FD36-4FBE-AC74-7CDB341F42F6}"
EndProject
Project("{FAE04EC0-301F-11D3-BF4B-00C04F79EFBC}") = "AndmebaasiToo.Data", "AndmebaasiToo.Data\AndmebaasiToo.Data.csproj", "{FD90CBC2-A11B-4F39-8E12-FE175D7BD93C}"
EndProject
Global
	GlobalSection(SolutionConfigurationPlatforms) = preSolution
		Debug|Any CPU = Debug|Any CPU
		Release|Any CPU = Release|Any CPU
	EndGlobalSection
	GlobalSection(ProjectConfigurationPlatforms) = postSolution
		{418381FF-B2C8-4EE2-BAA3-060B6FF71C26}.Debug|Any CPU.ActiveCfg = Debug|Any CPU
		{418381FF-B2C8-4EE2-BAA3-060B6FF71C26}.Debug|Any CPU.Build.0 = Debug|Any CPU
		{418381FF-B2C8-4EE2-BAA3-060B6FF71C26}.Release|Any CPU.ActiveCfg = Release|Any CPU
		{418381FF-B2C8-4EE2-BAA3-060B6FF71C26}.Release|Any CPU.Build.0 = Release|Any CPU
		{87307A34-FD36-4FBE-AC74-7CDB341F42F6}.Debug|Any CPU.ActiveCfg = Debug|Any CPU
		{87307A34-FD36-4FBE-AC74-7CDB341F42F6}.Debug|Any CPU.Build.0 = Debug|Any CPU
		{87307A34-FD36-4FBE-AC74-7CDB341F42F6}.Release|Any CPU.ActiveCfg = Release|Any CPU
		{87307A34-FD36-4FBE-AC74-7CDB341F42F6}.Release|Any CPU.Build.0 = Release|Any CPU
		{FD90CBC2-A11B-4F39-8E12-FE175D7BD93C}.Debug|Any CPU.ActiveCfg = Debug|Any CPU
		{FD90CBC2-A11B-4F39-8E12-FE175D7BD93C}.Debug|Any CPU.Build.0 = Debug|Any CPU
		{FD90CBC2-A11B-4F39-8E12-FE175D7BD93C}.Release|Any CPU.ActiveCfg = Release|Any CPU
		{FD90CBC2-A11B-4F39-8E12-FE175D7BD93C}.Release|Any CPU.Build.0 = Release|Any CPU
	EndGlobalSection
	GlobalSection(SolutionProperties) = preSolution
		HideSolutionNode = FALSE
	EndGlobalSection
EndGlobal
